
Microsoft Visual Studio Solution File, Format Version 12.00
# Visual Studio Version 17
VisualStudioVersion = 17.4.33403.182
MinimumVisualStudioVersion = 10.0.40219.1
Project("{FAE04EC0-301F-11D3-BF4B-00C04F79EFBC}") = "Demo_Linq_lambda_parte1", "Demo_Linq_lambda_parte1.csproj", "{55C272F3-44B9-4EE6-A224-C7B7715325B5}"
EndProject
Global
	GlobalSection(SolutionConfigurationPlatforms) = preSolution
		Debug|Any CPU = Debug|Any CPU
		Release|Any CPU = Release|Any CPU
	EndGlobalSection
	GlobalSection(ProjectConfigurationPlatforms) = postSolution
		{55C272F3-44B9-4EE6-A224-C7B7715325B5}.Debug|Any CPU.ActiveCfg = Debug|Any CPU
		{55C272F3-44B9-4EE6-A224-C7B7715325B5}.Debug|Any CPU.Build.0 = Debug|Any CPU
		{55C272F3-44B9-4EE6-A224-C7B7715325B5}.Release|Any CPU.ActiveCfg = Release|Any CPU
		{55C272F3-44B9-4EE6-A224-C7B7715325B5}.Release|Any CPU.Build.0 = Release|Any CPU
	EndGlobalSection
	GlobalSection(SolutionProperties) = preSolution
		HideSolutionNode = FALSE
	EndGlobalSection
	GlobalSection(ExtensibilityGlobals) = postSolution
		SolutionGuid = {9E97B340-AC5C-48E9-9093-481288A30B98}
	EndGlobalSection
EndGlobal
