
Microsoft Visual Studio Solution File, Format Version 12.00
# Visual Studio Version 17
VisualStudioVersion = 17.4.33403.182
MinimumVisualStudioVersion = 10.0.40219.1
Project("{FAE04EC0-301F-11D3-BF4B-00C04F79EFBC}") = "generics_parte1", "generics_parte1.csproj", "{7BC0D87A-535B-4F09-9F24-A0B49C4350A2}"
EndProject
Global
	GlobalSection(SolutionConfigurationPlatforms) = preSolution
		Debug|Any CPU = Debug|Any CPU
		Release|Any CPU = Release|Any CPU
	EndGlobalSection
	GlobalSection(ProjectConfigurationPlatforms) = postSolution
		{7BC0D87A-535B-4F09-9F24-A0B49C4350A2}.Debug|Any CPU.ActiveCfg = Debug|Any CPU
		{7BC0D87A-535B-4F09-9F24-A0B49C4350A2}.Debug|Any CPU.Build.0 = Debug|Any CPU
		{7BC0D87A-535B-4F09-9F24-A0B49C4350A2}.Release|Any CPU.ActiveCfg = Release|Any CPU
		{7BC0D87A-535B-4F09-9F24-A0B49C4350A2}.Release|Any CPU.Build.0 = Release|Any CPU
	EndGlobalSection
	GlobalSection(SolutionProperties) = preSolution
		HideSolutionNode = FALSE
	EndGlobalSection
	GlobalSection(ExtensibilityGlobals) = postSolution
		SolutionGuid = {748D13A9-8880-4D9A-8EFC-5952D480F201}
	EndGlobalSection
EndGlobal
