
Microsoft Visual Studio Solution File, Format Version 12.00
# Visual Studio Version 17
VisualStudioVersion = 17.4.33403.182
MinimumVisualStudioVersion = 10.0.40219.1
Project("{FAE04EC0-301F-11D3-BF4B-00C04F79EFBC}") = "lambda_parte5", "lambda_parte5.csproj", "{F865EAB9-66CA-415B-A8ED-E0077FAA1EE3}"
EndProject
Global
	GlobalSection(SolutionConfigurationPlatforms) = preSolution
		Debug|Any CPU = Debug|Any CPU
		Release|Any CPU = Release|Any CPU
	EndGlobalSection
	GlobalSection(ProjectConfigurationPlatforms) = postSolution
		{F865EAB9-66CA-415B-A8ED-E0077FAA1EE3}.Debug|Any CPU.ActiveCfg = Debug|Any CPU
		{F865EAB9-66CA-415B-A8ED-E0077FAA1EE3}.Debug|Any CPU.Build.0 = Debug|Any CPU
		{F865EAB9-66CA-415B-A8ED-E0077FAA1EE3}.Release|Any CPU.ActiveCfg = Release|Any CPU
		{F865EAB9-66CA-415B-A8ED-E0077FAA1EE3}.Release|Any CPU.Build.0 = Release|Any CPU
	EndGlobalSection
	GlobalSection(SolutionProperties) = preSolution
		HideSolutionNode = FALSE
	EndGlobalSection
	GlobalSection(ExtensibilityGlobals) = postSolution
		SolutionGuid = {F651879B-DF1B-4B12-B105-CBBEAE4A9059}
	EndGlobalSection
EndGlobal
