
Microsoft Visual Studio Solution File, Format Version 12.00
# Visual Studio Version 17
VisualStudioVersion = 17.4.33403.182
MinimumVisualStudioVersion = 10.0.40219.1
Project("{FAE04EC0-301F-11D3-BF4B-00C04F79EFBC}") = "interface_locveiculos", "interface_locveiculos.csproj", "{6B62D0B0-0BCC-48FF-A14B-525CE13012E6}"
EndProject
Global
	GlobalSection(SolutionConfigurationPlatforms) = preSolution
		Debug|Any CPU = Debug|Any CPU
		Release|Any CPU = Release|Any CPU
	EndGlobalSection
	GlobalSection(ProjectConfigurationPlatforms) = postSolution
		{6B62D0B0-0BCC-48FF-A14B-525CE13012E6}.Debug|Any CPU.ActiveCfg = Debug|Any CPU
		{6B62D0B0-0BCC-48FF-A14B-525CE13012E6}.Debug|Any CPU.Build.0 = Debug|Any CPU
		{6B62D0B0-0BCC-48FF-A14B-525CE13012E6}.Release|Any CPU.ActiveCfg = Release|Any CPU
		{6B62D0B0-0BCC-48FF-A14B-525CE13012E6}.Release|Any CPU.Build.0 = Release|Any CPU
	EndGlobalSection
	GlobalSection(SolutionProperties) = preSolution
		HideSolutionNode = FALSE
	EndGlobalSection
	GlobalSection(ExtensibilityGlobals) = postSolution
		SolutionGuid = {4C666D37-1E6B-4968-839E-E3B53DA1F371}
	EndGlobalSection
EndGlobal
