
Microsoft Visual Studio Solution File, Format Version 12.00
# Visual Studio Version 17
VisualStudioVersion = 17.4.33403.182
MinimumVisualStudioVersion = 10.0.40219.1
Project("{FAE04EC0-301F-11D3-BF4B-00C04F79EFBC}") = "lambda_parte7", "lambda_parte7.csproj", "{4658DDAE-DC62-4BBF-AFC1-75E781A0113B}"
EndProject
Global
	GlobalSection(SolutionConfigurationPlatforms) = preSolution
		Debug|Any CPU = Debug|Any CPU
		Release|Any CPU = Release|Any CPU
	EndGlobalSection
	GlobalSection(ProjectConfigurationPlatforms) = postSolution
		{4658DDAE-DC62-4BBF-AFC1-75E781A0113B}.Debug|Any CPU.ActiveCfg = Debug|Any CPU
		{4658DDAE-DC62-4BBF-AFC1-75E781A0113B}.Debug|Any CPU.Build.0 = Debug|Any CPU
		{4658DDAE-DC62-4BBF-AFC1-75E781A0113B}.Release|Any CPU.ActiveCfg = Release|Any CPU
		{4658DDAE-DC62-4BBF-AFC1-75E781A0113B}.Release|Any CPU.Build.0 = Release|Any CPU
	EndGlobalSection
	GlobalSection(SolutionProperties) = preSolution
		HideSolutionNode = FALSE
	EndGlobalSection
	GlobalSection(ExtensibilityGlobals) = postSolution
		SolutionGuid = {CA343F5E-2700-4FDB-8E59-E9184C1C2BD8}
	EndGlobalSection
EndGlobal
