
Microsoft Visual Studio Solution File, Format Version 12.00
# Visual Studio Version 17
VisualStudioVersion = 17.4.33213.308
MinimumVisualStudioVersion = 10.0.40219.1
Project("{FAE04EC0-301F-11D3-BF4B-00C04F79EFBC}") = "filestream_streamreader", "filestream_streamreader.csproj", "{9B236F9B-E8B9-4019-B33E-1545AC4327BF}"
EndProject
Global
	GlobalSection(SolutionConfigurationPlatforms) = preSolution
		Debug|Any CPU = Debug|Any CPU
		Release|Any CPU = Release|Any CPU
	EndGlobalSection
	GlobalSection(ProjectConfigurationPlatforms) = postSolution
		{9B236F9B-E8B9-4019-B33E-1545AC4327BF}.Debug|Any CPU.ActiveCfg = Debug|Any CPU
		{9B236F9B-E8B9-4019-B33E-1545AC4327BF}.Debug|Any CPU.Build.0 = Debug|Any CPU
		{9B236F9B-E8B9-4019-B33E-1545AC4327BF}.Release|Any CPU.ActiveCfg = Release|Any CPU
		{9B236F9B-E8B9-4019-B33E-1545AC4327BF}.Release|Any CPU.Build.0 = Release|Any CPU
	EndGlobalSection
	GlobalSection(SolutionProperties) = preSolution
		HideSolutionNode = FALSE
	EndGlobalSection
	GlobalSection(ExtensibilityGlobals) = postSolution
		SolutionGuid = {0B9146E0-FABA-4EA6-8849-C50A0DF40066}
	EndGlobalSection
EndGlobal
