
Microsoft Visual Studio Solution File, Format Version 12.00
# Visual Studio Version 17
VisualStudioVersion = 17.4.33213.308
MinimumVisualStudioVersion = 10.0.40219.1
Project("{FAE04EC0-301F-11D3-BF4B-00C04F79EFBC}") = "directory_directoryinfo", "directory_directoryinfo.csproj", "{FCF65289-342F-4AC9-83F2-C18BD8410750}"
EndProject
Global
	GlobalSection(SolutionConfigurationPlatforms) = preSolution
		Debug|Any CPU = Debug|Any CPU
		Release|Any CPU = Release|Any CPU
	EndGlobalSection
	GlobalSection(ProjectConfigurationPlatforms) = postSolution
		{FCF65289-342F-4AC9-83F2-C18BD8410750}.Debug|Any CPU.ActiveCfg = Debug|Any CPU
		{FCF65289-342F-4AC9-83F2-C18BD8410750}.Debug|Any CPU.Build.0 = Debug|Any CPU
		{FCF65289-342F-4AC9-83F2-C18BD8410750}.Release|Any CPU.ActiveCfg = Release|Any CPU
		{FCF65289-342F-4AC9-83F2-C18BD8410750}.Release|Any CPU.Build.0 = Release|Any CPU
	EndGlobalSection
	GlobalSection(SolutionProperties) = preSolution
		HideSolutionNode = FALSE
	EndGlobalSection
	GlobalSection(ExtensibilityGlobals) = postSolution
		SolutionGuid = {2553AD85-822D-458F-9742-B76EA3C10FE8}
	EndGlobalSection
EndGlobal
