
Microsoft Visual Studio Solution File, Format Version 12.00
# Visual Studio Version 17
VisualStudioVersion = 17.4.33213.308
MinimumVisualStudioVersion = 10.0.40219.1
Project("{FAE04EC0-301F-11D3-BF4B-00C04F79EFBC}") = "enumeracoes", "enumeracoes.csproj", "{E9939C77-5D1D-4CF4-B367-DD27838BF3BE}"
EndProject
Global
	GlobalSection(SolutionConfigurationPlatforms) = preSolution
		Debug|Any CPU = Debug|Any CPU
		Release|Any CPU = Release|Any CPU
	EndGlobalSection
	GlobalSection(ProjectConfigurationPlatforms) = postSolution
		{E9939C77-5D1D-4CF4-B367-DD27838BF3BE}.Debug|Any CPU.ActiveCfg = Debug|Any CPU
		{E9939C77-5D1D-4CF4-B367-DD27838BF3BE}.Debug|Any CPU.Build.0 = Debug|Any CPU
		{E9939C77-5D1D-4CF4-B367-DD27838BF3BE}.Release|Any CPU.ActiveCfg = Release|Any CPU
		{E9939C77-5D1D-4CF4-B367-DD27838BF3BE}.Release|Any CPU.Build.0 = Release|Any CPU
	EndGlobalSection
	GlobalSection(SolutionProperties) = preSolution
		HideSolutionNode = FALSE
	EndGlobalSection
	GlobalSection(ExtensibilityGlobals) = postSolution
		SolutionGuid = {5DB9F229-63BE-4727-83CF-DCD68322FA95}
	EndGlobalSection
EndGlobal
