
Microsoft Visual Studio Solution File, Format Version 12.00
# Visual Studio Version 17
VisualStudioVersion = 17.4.33213.308
MinimumVisualStudioVersion = 10.0.40219.1
Project("{FAE04EC0-301F-11D3-BF4B-00C04F79EFBC}") = "entradadedadosparte1", "entradadedadosparte1.csproj", "{1326A103-2D4E-475D-AF9B-31E152033616}"
EndProject
Global
	GlobalSection(SolutionConfigurationPlatforms) = preSolution
		Debug|Any CPU = Debug|Any CPU
		Release|Any CPU = Release|Any CPU
	EndGlobalSection
	GlobalSection(ProjectConfigurationPlatforms) = postSolution
		{1326A103-2D4E-475D-AF9B-31E152033616}.Debug|Any CPU.ActiveCfg = Debug|Any CPU
		{1326A103-2D4E-475D-AF9B-31E152033616}.Debug|Any CPU.Build.0 = Debug|Any CPU
		{1326A103-2D4E-475D-AF9B-31E152033616}.Release|Any CPU.ActiveCfg = Release|Any CPU
		{1326A103-2D4E-475D-AF9B-31E152033616}.Release|Any CPU.Build.0 = Release|Any CPU
	EndGlobalSection
	GlobalSection(SolutionProperties) = preSolution
		HideSolutionNode = FALSE
	EndGlobalSection
	GlobalSection(ExtensibilityGlobals) = postSolution
		SolutionGuid = {3BC6CC29-DE9E-4E38-B8A4-9EC4130025ED}
	EndGlobalSection
EndGlobal
