
Microsoft Visual Studio Solution File, Format Version 12.00
# Visual Studio Version 17
VisualStudioVersion = 17.4.33403.182
MinimumVisualStudioVersion = 10.0.40219.1
Project("{FAE04EC0-301F-11D3-BF4B-00C04F79EFBC}") = "conjuntos_parte1", "conjuntos_parte1.csproj", "{651C6CB0-7065-4C6F-9CB3-D868E3D90DDB}"
EndProject
Global
	GlobalSection(SolutionConfigurationPlatforms) = preSolution
		Debug|Any CPU = Debug|Any CPU
		Release|Any CPU = Release|Any CPU
	EndGlobalSection
	GlobalSection(ProjectConfigurationPlatforms) = postSolution
		{651C6CB0-7065-4C6F-9CB3-D868E3D90DDB}.Debug|Any CPU.ActiveCfg = Debug|Any CPU
		{651C6CB0-7065-4C6F-9CB3-D868E3D90DDB}.Debug|Any CPU.Build.0 = Debug|Any CPU
		{651C6CB0-7065-4C6F-9CB3-D868E3D90DDB}.Release|Any CPU.ActiveCfg = Release|Any CPU
		{651C6CB0-7065-4C6F-9CB3-D868E3D90DDB}.Release|Any CPU.Build.0 = Release|Any CPU
	EndGlobalSection
	GlobalSection(SolutionProperties) = preSolution
		HideSolutionNode = FALSE
	EndGlobalSection
	GlobalSection(ExtensibilityGlobals) = postSolution
		SolutionGuid = {E1B8D484-A758-4F64-9C2D-7B8CA2ABC9E5}
	EndGlobalSection
EndGlobal
