
Microsoft Visual Studio Solution File, Format Version 12.00
# Visual Studio Version 17
VisualStudioVersion = 17.4.33213.308
MinimumVisualStudioVersion = 10.0.40219.1
Project("{FAE04EC0-301F-11D3-BF4B-00C04F79EFBC}") = "trianguloOrientadoObjeto", "trianguloOrientadoObjeto.csproj", "{C0D4264F-7729-424A-BD09-1AE0FCD3E10A}"
EndProject
Global
	GlobalSection(SolutionConfigurationPlatforms) = preSolution
		Debug|Any CPU = Debug|Any CPU
		Release|Any CPU = Release|Any CPU
	EndGlobalSection
	GlobalSection(ProjectConfigurationPlatforms) = postSolution
		{C0D4264F-7729-424A-BD09-1AE0FCD3E10A}.Debug|Any CPU.ActiveCfg = Debug|Any CPU
		{C0D4264F-7729-424A-BD09-1AE0FCD3E10A}.Debug|Any CPU.Build.0 = Debug|Any CPU
		{C0D4264F-7729-424A-BD09-1AE0FCD3E10A}.Release|Any CPU.ActiveCfg = Release|Any CPU
		{C0D4264F-7729-424A-BD09-1AE0FCD3E10A}.Release|Any CPU.Build.0 = Release|Any CPU
	EndGlobalSection
	GlobalSection(SolutionProperties) = preSolution
		HideSolutionNode = FALSE
	EndGlobalSection
	GlobalSection(ExtensibilityGlobals) = postSolution
		SolutionGuid = {6A05EA8F-1115-45B5-8E63-DA80DBCE603F}
	EndGlobalSection
EndGlobal
