
Microsoft Visual Studio Solution File, Format Version 12.00
# Visual Studio Version 17
VisualStudioVersion = 17.4.33403.182
MinimumVisualStudioVersion = 10.0.40219.1
Project("{FAE04EC0-301F-11D3-BF4B-00C04F79EFBC}") = "interface_shape_abstract", "interface_shape_abstract.csproj", "{46F6D007-6718-4642-9F61-806C30BA7474}"
EndProject
Global
	GlobalSection(SolutionConfigurationPlatforms) = preSolution
		Debug|Any CPU = Debug|Any CPU
		Release|Any CPU = Release|Any CPU
	EndGlobalSection
	GlobalSection(ProjectConfigurationPlatforms) = postSolution
		{46F6D007-6718-4642-9F61-806C30BA7474}.Debug|Any CPU.ActiveCfg = Debug|Any CPU
		{46F6D007-6718-4642-9F61-806C30BA7474}.Debug|Any CPU.Build.0 = Debug|Any CPU
		{46F6D007-6718-4642-9F61-806C30BA7474}.Release|Any CPU.ActiveCfg = Release|Any CPU
		{46F6D007-6718-4642-9F61-806C30BA7474}.Release|Any CPU.Build.0 = Release|Any CPU
	EndGlobalSection
	GlobalSection(SolutionProperties) = preSolution
		HideSolutionNode = FALSE
	EndGlobalSection
	GlobalSection(ExtensibilityGlobals) = postSolution
		SolutionGuid = {B41D453F-9655-4981-B724-0A2C3B7AC14A}
	EndGlobalSection
EndGlobal
