
Microsoft Visual Studio Solution File, Format Version 12.00
# Visual Studio Version 17
VisualStudioVersion = 17.4.33213.308
MinimumVisualStudioVersion = 10.0.40219.1
Project("{FAE04EC0-301F-11D3-BF4B-00C04F79EFBC}") = "filecsv", "filecsv.csproj", "{C120B6CB-DF83-43CB-A1FE-19ECC50FE16E}"
EndProject
Global
	GlobalSection(SolutionConfigurationPlatforms) = preSolution
		Debug|Any CPU = Debug|Any CPU
		Release|Any CPU = Release|Any CPU
	EndGlobalSection
	GlobalSection(ProjectConfigurationPlatforms) = postSolution
		{C120B6CB-DF83-43CB-A1FE-19ECC50FE16E}.Debug|Any CPU.ActiveCfg = Debug|Any CPU
		{C120B6CB-DF83-43CB-A1FE-19ECC50FE16E}.Debug|Any CPU.Build.0 = Debug|Any CPU
		{C120B6CB-DF83-43CB-A1FE-19ECC50FE16E}.Release|Any CPU.ActiveCfg = Release|Any CPU
		{C120B6CB-DF83-43CB-A1FE-19ECC50FE16E}.Release|Any CPU.Build.0 = Release|Any CPU
	EndGlobalSection
	GlobalSection(SolutionProperties) = preSolution
		HideSolutionNode = FALSE
	EndGlobalSection
	GlobalSection(ExtensibilityGlobals) = postSolution
		SolutionGuid = {516CD498-3D7E-4A5E-960C-2AA69CF8603A}
	EndGlobalSection
EndGlobal
