
Microsoft Visual Studio Solution File, Format Version 12.00
# Visual Studio Version 17
VisualStudioVersion = 17.4.33403.182
MinimumVisualStudioVersion = 10.0.40219.1
Project("{FAE04EC0-301F-11D3-BF4B-00C04F79EFBC}") = "hashset_sortedset_parte2", "hashset_sortedset_parte2.csproj", "{4BA6F14B-2C10-4A1D-BA00-B028FD395533}"
EndProject
Global
	GlobalSection(SolutionConfigurationPlatforms) = preSolution
		Debug|Any CPU = Debug|Any CPU
		Release|Any CPU = Release|Any CPU
	EndGlobalSection
	GlobalSection(ProjectConfigurationPlatforms) = postSolution
		{4BA6F14B-2C10-4A1D-BA00-B028FD395533}.Debug|Any CPU.ActiveCfg = Debug|Any CPU
		{4BA6F14B-2C10-4A1D-BA00-B028FD395533}.Debug|Any CPU.Build.0 = Debug|Any CPU
		{4BA6F14B-2C10-4A1D-BA00-B028FD395533}.Release|Any CPU.ActiveCfg = Release|Any CPU
		{4BA6F14B-2C10-4A1D-BA00-B028FD395533}.Release|Any CPU.Build.0 = Release|Any CPU
	EndGlobalSection
	GlobalSection(SolutionProperties) = preSolution
		HideSolutionNode = FALSE
	EndGlobalSection
	GlobalSection(ExtensibilityGlobals) = postSolution
		SolutionGuid = {F9B3088D-93E0-4C8E-8DF8-8597E22F2F5F}
	EndGlobalSection
EndGlobal
