
Microsoft Visual Studio Solution File, Format Version 12.00
# Visual Studio Version 17
VisualStudioVersion = 17.4.33403.182
MinimumVisualStudioVersion = 10.0.40219.1
Project("{FAE04EC0-301F-11D3-BF4B-00C04F79EFBC}") = "lambda_parte2", "lambda_parte2.csproj", "{B7B77FE9-CEEE-43F8-B0FE-3A04639C8696}"
EndProject
Global
	GlobalSection(SolutionConfigurationPlatforms) = preSolution
		Debug|Any CPU = Debug|Any CPU
		Release|Any CPU = Release|Any CPU
	EndGlobalSection
	GlobalSection(ProjectConfigurationPlatforms) = postSolution
		{B7B77FE9-CEEE-43F8-B0FE-3A04639C8696}.Debug|Any CPU.ActiveCfg = Debug|Any CPU
		{B7B77FE9-CEEE-43F8-B0FE-3A04639C8696}.Debug|Any CPU.Build.0 = Debug|Any CPU
		{B7B77FE9-CEEE-43F8-B0FE-3A04639C8696}.Release|Any CPU.ActiveCfg = Release|Any CPU
		{B7B77FE9-CEEE-43F8-B0FE-3A04639C8696}.Release|Any CPU.Build.0 = Release|Any CPU
	EndGlobalSection
	GlobalSection(SolutionProperties) = preSolution
		HideSolutionNode = FALSE
	EndGlobalSection
	GlobalSection(ExtensibilityGlobals) = postSolution
		SolutionGuid = {B46BFB6C-6112-445C-AA6B-4AA292F2B06D}
	EndGlobalSection
EndGlobal
